
Microsoft Visual Studio Solution File, Format Version 12.00
# Visual Studio Version 17
VisualStudioVersion = 17.5.33627.172
MinimumVisualStudioVersion = 10.0.40219.1
Project("{FAE04EC0-301F-11D3-BF4B-00C04F79EFBC}") = "WavFileHandler", "WavFileHandler\WavFileHandler.csproj", "{5B4FD48F-BBCC-44CE-B11D-D97C89FA411A}"
EndProject
Project("{2150E333-8FDC-42A3-9474-1A3956D46DE8}") = "Solution Items", "Solution Items", "{CCA5C9F1-2742-4A20-BCFE-E25981284AC8}"
	ProjectSection(SolutionItems) = preProject
		README.md = README.md
	EndProjectSection
EndProject
Global
	GlobalSection(SolutionConfigurationPlatforms) = preSolution
		Debug|Any CPU = Debug|Any CPU
		Release|Any CPU = Release|Any CPU
	EndGlobalSection
	GlobalSection(ProjectConfigurationPlatforms) = postSolution
		{5B4FD48F-BBCC-44CE-B11D-D97C89FA411A}.Debug|Any CPU.ActiveCfg = Debug|Any CPU
		{5B4FD48F-BBCC-44CE-B11D-D97C89FA411A}.Debug|Any CPU.Build.0 = Debug|Any CPU
		{5B4FD48F-BBCC-44CE-B11D-D97C89FA411A}.Release|Any CPU.ActiveCfg = Release|Any CPU
		{5B4FD48F-BBCC-44CE-B11D-D97C89FA411A}.Release|Any CPU.Build.0 = Release|Any CPU
	EndGlobalSection
	GlobalSection(SolutionProperties) = preSolution
		HideSolutionNode = FALSE
	EndGlobalSection
	GlobalSection(ExtensibilityGlobals) = postSolution
		SolutionGuid = {98571384-B656-4268-9E27-4BAB1CC353B6}
	EndGlobalSection
EndGlobal
